
Microsoft Visual Studio Solution File, Format Version 12.00
# Visual Studio 15
VisualStudioVersion = 15.0.28307.421
MinimumVisualStudioVersion = 10.0.40219.1
Project("{FAE04EC0-301F-11D3-BF4B-00C04F79EFBC}") = "INF272_PracticalAssignment4", "INF272_PracticalAssignment4\INF272_PracticalAssignment4.csproj", "{5D92E4E4-EFBA-4429-9FB2-A564DF967BD6}"
EndProject
Global
	GlobalSection(SolutionConfigurationPlatforms) = preSolution
		Debug|Any CPU = Debug|Any CPU
		Release|Any CPU = Release|Any CPU
	EndGlobalSection
	GlobalSection(ProjectConfigurationPlatforms) = postSolution
		{5D92E4E4-EFBA-4429-9FB2-A564DF967BD6}.Debug|Any CPU.ActiveCfg = Debug|Any CPU
		{5D92E4E4-EFBA-4429-9FB2-A564DF967BD6}.Debug|Any CPU.Build.0 = Debug|Any CPU
		{5D92E4E4-EFBA-4429-9FB2-A564DF967BD6}.Release|Any CPU.ActiveCfg = Release|Any CPU
		{5D92E4E4-EFBA-4429-9FB2-A564DF967BD6}.Release|Any CPU.Build.0 = Release|Any CPU
	EndGlobalSection
	GlobalSection(SolutionProperties) = preSolution
		HideSolutionNode = FALSE
	EndGlobalSection
	GlobalSection(ExtensibilityGlobals) = postSolution
		SolutionGuid = {4EEB2DD4-4507-422E-B9E8-DAB48A7065E9}
	EndGlobalSection
EndGlobal
